
Microsoft Visual Studio Solution File, Format Version 12.00
# Visual Studio 15
VisualStudioVersion = 15.0.28307.168
MinimumVisualStudioVersion = 10.0.40219.1
Project("{FAE04EC0-301F-11D3-BF4B-00C04F79EFBC}") = "skynet", "skynet\skynet.csproj", "{5BE23FFE-9ABE-49CC-9AA7-2E42E42C4B96}"
EndProject
Global
	GlobalSection(SolutionConfigurationPlatforms) = preSolution
		Debug|Any CPU = Debug|Any CPU
		Release|Any CPU = Release|Any CPU
	EndGlobalSection
	GlobalSection(ProjectConfigurationPlatforms) = postSolution
		{5BE23FFE-9ABE-49CC-9AA7-2E42E42C4B96}.Debug|Any CPU.ActiveCfg = Debug|Any CPU
		{5BE23FFE-9ABE-49CC-9AA7-2E42E42C4B96}.Debug|Any CPU.Build.0 = Debug|Any CPU
		{5BE23FFE-9ABE-49CC-9AA7-2E42E42C4B96}.Release|Any CPU.ActiveCfg = Release|Any CPU
		{5BE23FFE-9ABE-49CC-9AA7-2E42E42C4B96}.Release|Any CPU.Build.0 = Release|Any CPU
	EndGlobalSection
	GlobalSection(SolutionProperties) = preSolution
		HideSolutionNode = FALSE
	EndGlobalSection
	GlobalSection(ExtensibilityGlobals) = postSolution
		SolutionGuid = {BB96B070-E811-4210-9C7F-04A16C6535A0}
	EndGlobalSection
EndGlobal
